# THIS IS AN AUTOGENERATED FILE. DO NOT EDIT THIS FILE DIRECTLY.
# yarn lockfile v1


benchmark@^2.1.4:
  version "2.1.4"
  resolved "https://registry.yarnpkg.com/benchmark/-/benchmark-2.1.4.tgz#09f3de31c916425d498cc2ee565a0ebf3c2a5629"
  integrity sha512-l9MlfN4M1K/H2fbhfMy3B7vJd6AGKJVQn2h6Sg/Yx+KckoUA7ewS5Vv6TjSq18ooE1kS9hhAlQRH3AkXIh/aOQ==
  dependencies:
    lodash "^4.17.4"
    platform "^1.3.3"

lodash@^4.17.4:
  version "4.17.23"
  resolved "https://registry.yarnpkg.com/lodash/-/lodash-4.17.23.tgz#f113b0378386103be4f6893388c73d0bde7f2c5a"
  integrity sha512-LgVTMpQtIopCi79SJeDiP0TfWi5CNEc/L/aRdTh3yIvmZXTnheWpKjSZhnvMl8iXbC1tFg9gdHHDMLoV7CnG+w==

platform@^1.3.3:
  version "1.3.6"
  resolved "https://registry.yarnpkg.com/platform/-/platform-1.3.6.tgz#48b4ce983164b209c2d45a107adb31f473a6e7a7"
  integrity sha512-fnWVljUchTro6RiCFvCXBbNhJc2NijN7oIQxbwsyL0buWJPG85v81ehlHI9fXrJsMNgTofEoWIQeClKpgxFLrg==

zx@^8.8.5:
  version "8.8.5"
  resolved "https://registry.yarnpkg.com/zx/-/zx-8.8.5.tgz#d092d8c0017aa7c5a276fda88ff19e4b1d91cc64"
  integrity sha512-SNgDF5L0gfN7FwVOdEFguY3orU5AkfFZm9B5YSHog/UDHv+lvmd82ZAsOenOkQixigwH2+yyH198AwNdKhj+RA==
